// !$*UTF8*$!
{
	archiveVersion = 1;
	classes = {
	};
	objectVersion = 50;
	objects = {

/* Begin PBXBuildFile section */
		B31B3A5D24B8AE68006E697B /* AppDelegate.swift in Sources */ = {isa = PBXBuildFile; fileRef = B31B3A5C24B8AE68006E697B /* AppDelegate.swift */; };
		B31B3A5F24B8AE68006E697B /* SceneDelegate.swift in Sources */ = {isa = PBXBuildFile; fileRef = B31B3A5E24B8AE68006E697B /* SceneDelegate.swift */; };
		B31B3A6124B8AE68006E697B /* ViewController.swift in Sources */ = {isa = PBXBuildFile; fileRef = B31B3A6024B8AE68006E697B /* ViewController.swift */; };
		B31B3A6424B8AE68006E697B /* Main.storyboard in Resources */ = {isa = PBXBuildFile; fileRef = B31B3A6224B8AE68006E697B /* Main.storyboard */; };
		B31B3A6924B8AE6D006E697B /* LaunchScreen.storyboard in Resources */ = {isa = PBXBuildFile; fileRef = B31B3A6724B8AE6D006E697B /* LaunchScreen.storyboard */; };
		B3400E0A24B8E24100E534A5 /* Assets.xcassets in Resources */ = {isa = PBXBuildFile; fileRef = B3400E0924B8E24100E534A5 /* Assets.xcassets */; };
/* End PBXBuildFile section */

/* Begin PBXFileReference section */
		B31B3A5924B8AE68006E697B /* Assignment4(BatteryManager).app */ = {isa = PBXFileReference; explicitFileType = wrapper.application; includeInIndex = 0; path = "Assignment4(BatteryManager).app"; sourceTree = BUILT_PRODUCTS_DIR; };
		B31B3A5C24B8AE68006E697B /* AppDelegate.swift */ = {isa = PBXFileReference; lastKnownFileType = sourcecode.swift; path = AppDelegate.swift; sourceTree = "<group>"; };
		B31B3A5E24B8AE68006E697B /* SceneDelegate.swift */ = {isa = PBXFileReference; lastKnownFileType = sourcecode.swift; path = SceneDelegate.swift; sourceTree = "<group>"; };
		B31B3A6024B8AE68006E697B /* ViewController.swift */ = {isa = PBXFileReference; lastKnownFileType = sourcecode.swift; path = ViewController.swift; sourceTree = "<group>"; };
		B31B3A6324B8AE68006E697B /* Base */ = {isa = PBXFileReference; lastKnownFileType = file.storyboard; name = Base; path = Base.lproj/Main.storyboard; sourceTree = "<group>"; };
		B31B3A6824B8AE6D006E697B /* Base */ = {isa = PBXFileReference; lastKnownFileType = file.storyboard; name = Base; path = Base.lproj/LaunchScreen.storyboard; sourceTree = "<group>"; };
		B31B3A6A24B8AE6D006E697B /* Info.plist */ = {isa = PBXFileReference; lastKnownFileType = text.plist.xml; path = Info.plist; sourceTree = "<group>"; };
		B3400E0924B8E24100E534A5 /* Assets.xcassets */ = {isa = PBXFileReference; lastKnownFileType = folder.assetcatalog; name = Assets.xcassets; path = ../../../../Downloads/Assets.xcassets; sourceTree = "<group>"; };
/* End PBXFileReference section */

/* Begin PBXFrameworksBuildPhase section */
		B31B3A5624B8AE68006E697B /* Frameworks */ = {
			isa = PBXFrameworksBuildPhase;
			buildActionMask = 2147483647;
			files = (
			);
			runOnlyForDeploymentPostprocessing = 0;
		};
/* End PBXFrameworksBuildPhase section */

/* Begin PBXGroup section */
		B31B3A5024B8AE68006E697B = {
			isa = PBXGroup;
			children = (
				B31B3A5B24B8AE68006E697B /* Assignment4(BatteryManager) */,
				B31B3A5A24B8AE68006E697B /* Products */,
			);
			sourceTree = "<group>";
		};
		B31B3A5A24B8AE68006E697B /* Products */ = {
			isa = PBXGroup;
			children = (
				B31B3A5924B8AE68006E697B /* Assignment4(BatteryManager).app */,
			);
			name = Products;
			sourceTree = "<group>";
		};
		B31B3A5B24B8AE68006E697B /* Assignment4(BatteryManager) */ = {
			isa = PBXGroup;
			children = (
				B31B3A5C24B8AE68006E697B /* AppDelegate.swift */,
				B31B3A5E24B8AE68006E697B /* SceneDelegate.swift */,
				B31B3A6024B8AE68006E697B /* ViewController.swift */,
				B3400E0924B8E24100E534A5 /* Assets.xcassets */,
				B31B3A6224B8AE68006E697B /* Main.storyboard */,
				B31B3A6724B8AE6D006E697B /* LaunchScreen.storyboard */,
				B31B3A6A24B8AE6D006E697B /* Info.plist */,
			);
			path = "Assignment4(BatteryManager)";
			sourceTree = "<group>";
		};
/* End PBXGroup section */

/* Begin PBXNativeTarget section */
		B31B3A5824B8AE68006E697B /* Assignment4(BatteryManager) */ = {
			isa = PBXNativeTarget;
			buildConfigurationList = B31B3A6D24B8AE6D006E697B /* Build configuration list for PBXNativeTarget "Assignment4(BatteryManager)" */;
			buildPhases = (
				B31B3A5524B8AE68006E697B /* Sources */,
				B31B3A5624B8AE68006E697B /* Frameworks */,
				B31B3A5724B8AE68006E697B /* Resources */,
			);
			buildRules = (
			);
			dependencies = (
			);
			name = "Assignment4(BatteryManager)";
			productName = "Assignment4(BatteryManager)";
			productReference = B31B3A5924B8AE68006E697B /* Assignment4(BatteryManager).app */;
			productType = "com.apple.product-type.application";
		};
/* End PBXNativeTarget section */

/* Begin PBXProject section */
		B31B3A5124B8AE68006E697B /* Project object */ = {
			isa = PBXProject;
			attributes = {
				LastSwiftUpdateCheck = 1150;
				LastUpgradeCheck = 1150;
				ORGANIZATIONNAME = "Oluwafemi Adenaike";
				TargetAttributes = {
					B31B3A5824B8AE68006E697B = {
						CreatedOnToolsVersion = 11.5;
					};
				};
			};
			buildConfigurationList = B31B3A5424B8AE68006E697B /* Build configuration list for PBXProject "Assignment4(BatteryManager)" */;
			compatibilityVersion = "Xcode 9.3";
			developmentRegion = en;
			hasScannedForEncodings = 0;
			knownRegions = (
				en,
				Base,
			);
			mainGroup = B31B3A5024B8AE68006E697B;
			productRefGroup = B31B3A5A24B8AE68006E697B /* Products */;
			projectDirPath = "";
			projectRoot = "";
			targets = (
				B31B3A5824B8AE68006E697B /* Assignment4(BatteryManager) */,
			);
		};
/* End PBXProject section */

/* Begin PBXResourcesBuildPhase section */
		B31B3A5724B8AE68006E697B /* Resources */ = {
			isa = PBXResourcesBuildPhase;
			buildActionMask = 2147483647;
			files = (
				B31B3A6924B8AE6D006E697B /* LaunchScreen.storyboard in Resources */,
				B3400E0A24B8E24100E534A5 /* Assets.xcassets in Resources */,
				B31B3A6424B8AE68006E697B /* Main.storyboard in Resources */,
			);
			runOnlyForDeploymentPostprocessing = 0;
		};
/* End PBXResourcesBuildPhase section */

/* Begin PBXSourcesBuildPhase section */
		B31B3A5524B8AE68006E697B /* Sources */ = {
			isa = PBXSourcesBuildPhase;
			buildActionMask = 2147483647;
			files = (
				B31B3A6124B8AE68006E697B /* ViewController.swift in Sources */,
				B31B3A5D24B8AE68006E697B /* AppDelegate.swift in Sources */,
				B31B3A5F24B8AE68006E697B /* SceneDelegate.swift in Sources */,
			);
			runOnlyForDeploymentPostprocessing = 0;
		};
/* End PBXSourcesBuildPhase section */

/* Begin PBXVariantGroup section */
		B31B3A6224B8AE68006E697B /* Main.storyboard */ = {
			isa = PBXVariantGroup;
			children = (
				B31B3A6324B8AE68006E697B /* Base */,
			);
			name = Main.storyboard;
			sourceTree = "<group>";
		};
		B31B3A6724B8AE6D006E697B /* LaunchScreen.storyboard */ = {
			isa = PBXVariantGroup;
			children = (
				B31B3A6824B8AE6D006E697B /* Base */,
			);
			name = LaunchScreen.storyboard;
			sourceTree = "<group>";
		};
/* End PBXVariantGroup section */

/* Begin XCBuildConfiguration section */
		B31B3A6B24B8AE6D006E697B /* Debug */ = {
			isa = XCBuildConfiguration;
			buildSettings = {
				ALWAYS_SEARCH_USER_PATHS = NO;
				CLANG_ANALYZER_NONNULL = YES;
				CLANG_ANALYZER_NUMBER_OBJECT_CONVERSION = YES_AGGRESSIVE;
				CLANG_CXX_LANGUAGE_STANDARD = "gnu++14";
				CLANG_CXX_LIBRARY = "libc++";
				CLANG_ENABLE_MODULES = YES;
				CLANG_ENABLE_OBJC_ARC = YES;
				CLANG_ENABLE_OBJC_WEAK = YES;
				CLANG_WARN_BLOCK_CAPTURE_AUTORELEASING = YES;
				CLANG_WARN_BOOL_CONVERSION = YES;
				CLANG_WARN_COMMA = YES;
				CLANG_WARN_CONSTANT_CONVERSION = YES;
				CLANG_WARN_DEPRECATED_OBJC_IMPLEMENTATIONS = YES;
				CLANG_WARN_DIRECT_OBJC_ISA_USAGE = YES_ERROR;
				CLANG_WARN_DOCUMENTATION_COMMENTS = YES;
				CLANG_WARN_EMPTY_BODY = YES;
				CLANG_WARN_ENUM_CONVERSION = YES;
				CLANG_WARN_INFINITE_RECURSION = YES;
				CLANG_WARN_INT_CONVERSION = YES;
				CLANG_WARN_NON_LITERAL_NULL_CONVERSION = YES;
				CLANG_WARN_OBJC_IMPLICIT_RETAIN_SELF = YES;
				CLANG_WARN_OBJC_LITERAL_CONVERSION = YES;
				CLANG_WARN_OBJC_ROOT_CLASS = YES_ERROR;
				CLANG_WARN_RANGE_LOOP_ANALYSIS = YES;
				CLANG_WARN_STRICT_PROTOTYPES = YES;
				CLANG_WARN_SUSPICIOUS_MOVE = YES;
				CLANG_WARN_UNGUARDED_AVAILABILITY = YES_AGGRESSIVE;
				CLANG_WARN_UNREACHABLE_CODE = YES;
				CLANG_WARN__DUPLICATE_METHOD_MATCH = YES;
				COPY_PHASE_STRIP = NO;
				DEBUG_INFORMATION_FORMAT = dwarf;
				ENABLE_STRICT_OBJC_MSGSEND = YES;
				ENABLE_TESTABILITY = YES;
				GCC_C_LANGUAGE_STANDARD = gnu11;
				GCC_DYNAMIC_NO_PIC = NO;
				GCC_NO_COMMON_BLOCKS = YES;
				GCC_OPTIMIZATION_LEVEL = 0;
				GCC_PREPROCESSOR_DEFINITIONS = (
					"DEBUG=1",
					"$(inherited)",
				);
				GCC_WARN_64_TO_32_BIT_CONVERSION = YES;
				GCC_WARN_ABOUT_RETURN_TYPE = YES_ERROR;
				GCC_WARN_UNDECLARED_SELECTOR = YES;
				GCC_WARN_UNINITIALIZED_AUTOS = YES_AGGRESSIVE;
				GCC_WARN_UNUSED_FUNCTION = YES;
				GCC_WARN_UNUSED_VARIABLE = YES;
				IPHONEOS_DEPLOYMENT_TARGET = 13.5;
				MTL_ENABLE_DEBUG_INFO = INCLUDE_SOURCE;
				MTL_FAST_MATH = YES;
				ONLY_ACTIVE_ARCH = YES;
				SDKROOT = iphoneos;
				SWIFT_ACTIVE_COMPILATION_CONDITIONS = DEBUG;
				SWIFT_OPTIMIZATION_LEVEL = "-Onone";
			};
			name = Debug;
		};
		B31B3A6C24B8AE6D006E697B /* Release */ = {
			isa = XCBuildConfiguration;
			buildSettings = {
				ALWAYS_SEARCH_USER_PATHS = NO;
				CLANG_ANALYZER_NONNULL = YES;
				CLANG_ANALYZER_NUMBER_OBJECT_CONVERSION = YES_AGGRESSIVE;
				CLANG_CXX_LANGUAGE_STANDARD = "gnu++14";
				CLANG_CXX_LIBRARY = "libc++";
				CLANG_ENABLE_MODULES = YES;
				CLANG_ENABLE_OBJC_ARC = YES;
				CLANG_ENABLE_OBJC_WEAK = YES;
				CLANG_WARN_BLOCK_CAPTURE_AUTORELEASING = YES;
				CLANG_WARN_BOOL_CONVERSION = YES;
				CLANG_WARN_COMMA = YES;
				CLANG_WARN_CONSTANT_CONVERSION = YES;
				CLANG_WARN_DEPRECATED_OBJC_IMPLEMENTATIONS = YES;
				CLANG_WARN_DIRECT_OBJC_ISA_USAGE = YES_ERROR;
				CLANG_WARN_DOCUMENTATION_COMMENTS = YES;
				CLANG_WARN_EMPTY_BODY = YES;
				CLANG_WARN_ENUM_CONVERSION = YES;
				CLANG_WARN_INFINITE_RECURSION = YES;
				CLANG_WARN_INT_CONVERSION = YES;
				CLANG_WARN_NON_LITERAL_NULL_CONVERSION = YES;
				CLANG_WARN_OBJC_IMPLICIT_RETAIN_SELF = YES;
				CLANG_WARN_OBJC_LITERAL_CONVERSION = YES;
				CLANG_WARN_OBJC_ROOT_CLASS = YES_ERROR;
				CLANG_WARN_RANGE_LOOP_ANALYSIS = YES;
				CLANG_WARN_STRICT_PROTOTYPES = YES;
				CLANG_WARN_SUSPICIOUS_MOVE = YES;
				CLANG_WARN_UNGUARDED_AVAILABILITY = YES_AGGRESSIVE;
				CLANG_WARN_UNREACHABLE_CODE = YES;
				CLANG_WARN__DUPLICATE_METHOD_MATCH = YES;
				COPY_PHASE_STRIP = NO;
				DEBUG_INFORMATION_FORMAT = "dwarf-with-dsym";
				ENABLE_NS_ASSERTIONS = NO;
				ENABLE_STRICT_OBJC_MSGSEND = YES;
				GCC_C_LANGUAGE_STANDARD = gnu11;
				GCC_NO_COMMON_BLOCKS = YES;
				GCC_WARN_64_TO_32_BIT_CONVERSION = YES;
				GCC_WARN_ABOUT_RETURN_TYPE = YES_ERROR;
				GCC_WARN_UNDECLARED_SELECTOR = YES;
				GCC_WARN_UNINITIALIZED_AUTOS = YES_AGGRESSIVE;
				GCC_WARN_UNUSED_FUNCTION = YES;
				GCC_WARN_UNUSED_VARIABLE = YES;
				IPHONEOS_DEPLOYMENT_TARGET = 13.5;
				MTL_ENABLE_DEBUG_INFO = NO;
				MTL_FAST_MATH = YES;
				SDKROOT = iphoneos;
				SWIFT_COMPILATION_MODE = wholemodule;
				SWIFT_OPTIMIZATION_LEVEL = "-O";
				VALIDATE_PRODUCT = YES;
			};
			name = Release;
		};
		B31B3A6E24B8AE6D006E697B /* Debug */ = {
			isa = XCBuildConfiguration;
			buildSettings = {
				ASSETCATALOG_COMPILER_APPICON_NAME = AppIcon;
				CODE_SIGN_STYLE = Automatic;
				INFOPLIST_FILE = "Assignment4(BatteryManager)/Info.plist";
				LD_RUNPATH_SEARCH_PATHS = (
					"$(inherited)",
					"@executable_path/Frameworks",
				);
				PRODUCT_BUNDLE_IDENTIFIER = "Oluwafemi-Adenaike.Assignment4-BatteryManager-";
				PRODUCT_NAME = "$(TARGET_NAME)";
				SWIFT_VERSION = 5.0;
				TARGETED_DEVICE_FAMILY = "1,2";
			};
			name = Debug;
		};
		B31B3A6F24B8AE6D006E697B /* Release */ = {
			isa = XCBuildConfiguration;
			buildSettings = {
				ASSETCATALOG_COMPILER_APPICON_NAME = AppIcon;
				CODE_SIGN_STYLE = Automatic;
				INFOPLIST_FILE = "Assignment4(BatteryManager)/Info.plist";
				LD_RUNPATH_SEARCH_PATHS = (
					"$(inherited)",
					"@executable_path/Frameworks",
				);
				PRODUCT_BUNDLE_IDENTIFIER = "Oluwafemi-Adenaike.Assignment4-BatteryManager-";
				PRODUCT_NAME = "$(TARGET_NAME)";
				SWIFT_VERSION = 5.0;
				TARGETED_DEVICE_FAMILY = "1,2";
			};
			name = Release;
		};
/* End XCBuildConfiguration section */

/* Begin XCConfigurationList section */
		B31B3A5424B8AE68006E697B /* Build configuration list for PBXProject "Assignment4(BatteryManager)" */ = {
			isa = XCConfigurationList;
			buildConfigurations = (
				B31B3A6B24B8AE6D006E697B /* Debug */,
				B31B3A6C24B8AE6D006E697B /* Release */,
			);
			defaultConfigurationIsVisible = 0;
			defaultConfigurationName = Release;
		};
		B31B3A6D24B8AE6D006E697B /* Build configuration list for PBXNativeTarget "Assignment4(BatteryManager)" */ = {
			isa = XCConfigurationList;
			buildConfigurations = (
				B31B3A6E24B8AE6D006E697B /* Debug */,
				B31B3A6F24B8AE6D006E697B /* Release */,
			);
			defaultConfigurationIsVisible = 0;
			defaultConfigurationName = Release;
		};
/* End XCConfigurationList section */
	};
	rootObject = B31B3A5124B8AE68006E697B /* Project object */;
}
