// !$*UTF8*$!
{
	archiveVersion = 1;
	classes = {
	};
	objectVersion = 50;
	objects = {

/* Begin PBXBuildFile section */
		439324CAC295F775BEE165E1 /* Pods_RxSwiftProject.framework in Frameworks */ = {isa = PBXBuildFile; fileRef = 1D9ED15193B14DF28B89554E /* Pods_RxSwiftProject.framework */; };
		4F03B9E1FA609F1E50DB85F1 /* Pods_RxSwiftProjectTests.framework in Frameworks */ = {isa = PBXBuildFile; fileRef = F196706E7DD900134C387253 /* Pods_RxSwiftProjectTests.framework */; };
		B32A5AEB24E4936100CB24E9 /* AppDelegate.swift in Sources */ = {isa = PBXBuildFile; fileRef = B32A5AEA24E4936100CB24E9 /* AppDelegate.swift */; };
		B32A5AED24E4936100CB24E9 /* SceneDelegate.swift in Sources */ = {isa = PBXBuildFile; fileRef = B32A5AEC24E4936100CB24E9 /* SceneDelegate.swift */; };
		B32A5AEF24E4936100CB24E9 /* ViewController.swift in Sources */ = {isa = PBXBuildFile; fileRef = B32A5AEE24E4936100CB24E9 /* ViewController.swift */; };
		B32A5AF224E4936100CB24E9 /* Main.storyboard in Resources */ = {isa = PBXBuildFile; fileRef = B32A5AF024E4936100CB24E9 /* Main.storyboard */; };
		B32A5AF424E4936D00CB24E9 /* Assets.xcassets in Resources */ = {isa = PBXBuildFile; fileRef = B32A5AF324E4936D00CB24E9 /* Assets.xcassets */; };
		B32A5AF724E4936E00CB24E9 /* LaunchScreen.storyboard in Resources */ = {isa = PBXBuildFile; fileRef = B32A5AF524E4936E00CB24E9 /* LaunchScreen.storyboard */; };
		B32A5B0224E4936E00CB24E9 /* RxSwiftProjectTests.swift in Sources */ = {isa = PBXBuildFile; fileRef = B32A5B0124E4936E00CB24E9 /* RxSwiftProjectTests.swift */; };
/* End PBXBuildFile section */

/* Begin PBXContainerItemProxy section */
		B32A5AFE24E4936E00CB24E9 /* PBXContainerItemProxy */ = {
			isa = PBXContainerItemProxy;
			containerPortal = B32A5ADF24E4936100CB24E9 /* Project object */;
			proxyType = 1;
			remoteGlobalIDString = B32A5AE624E4936100CB24E9;
			remoteInfo = RxSwiftProject;
		};
/* End PBXContainerItemProxy section */

/* Begin PBXFileReference section */
		1D9ED15193B14DF28B89554E /* Pods_RxSwiftProject.framework */ = {isa = PBXFileReference; explicitFileType = wrapper.framework; includeInIndex = 0; path = Pods_RxSwiftProject.framework; sourceTree = BUILT_PRODUCTS_DIR; };
		4DBBE138DD10F26BC88E4930 /* Pods-RxSwiftProject.debug.xcconfig */ = {isa = PBXFileReference; includeInIndex = 1; lastKnownFileType = text.xcconfig; name = "Pods-RxSwiftProject.debug.xcconfig"; path = "Target Support Files/Pods-RxSwiftProject/Pods-RxSwiftProject.debug.xcconfig"; sourceTree = "<group>"; };
		9E07433996C2BE043C0628AF /* Pods-RxSwiftProject.release.xcconfig */ = {isa = PBXFileReference; includeInIndex = 1; lastKnownFileType = text.xcconfig; name = "Pods-RxSwiftProject.release.xcconfig"; path = "Target Support Files/Pods-RxSwiftProject/Pods-RxSwiftProject.release.xcconfig"; sourceTree = "<group>"; };
		B31338C3FE226F9DC2D7B72C /* Pods-RxSwiftProjectTests.debug.xcconfig */ = {isa = PBXFileReference; includeInIndex = 1; lastKnownFileType = text.xcconfig; name = "Pods-RxSwiftProjectTests.debug.xcconfig"; path = "Target Support Files/Pods-RxSwiftProjectTests/Pods-RxSwiftProjectTests.debug.xcconfig"; sourceTree = "<group>"; };
		B32A5AE724E4936100CB24E9 /* RxSwiftProject.app */ = {isa = PBXFileReference; explicitFileType = wrapper.application; includeInIndex = 0; path = RxSwiftProject.app; sourceTree = BUILT_PRODUCTS_DIR; };
		B32A5AEA24E4936100CB24E9 /* AppDelegate.swift */ = {isa = PBXFileReference; lastKnownFileType = sourcecode.swift; path = AppDelegate.swift; sourceTree = "<group>"; };
		B32A5AEC24E4936100CB24E9 /* SceneDelegate.swift */ = {isa = PBXFileReference; lastKnownFileType = sourcecode.swift; path = SceneDelegate.swift; sourceTree = "<group>"; };
		B32A5AEE24E4936100CB24E9 /* ViewController.swift */ = {isa = PBXFileReference; lastKnownFileType = sourcecode.swift; path = ViewController.swift; sourceTree = "<group>"; };
		B32A5AF124E4936100CB24E9 /* Base */ = {isa = PBXFileReference; lastKnownFileType = file.storyboard; name = Base; path = Base.lproj/Main.storyboard; sourceTree = "<group>"; };
		B32A5AF324E4936D00CB24E9 /* Assets.xcassets */ = {isa = PBXFileReference; lastKnownFileType = folder.assetcatalog; path = Assets.xcassets; sourceTree = "<group>"; };
		B32A5AF624E4936E00CB24E9 /* Base */ = {isa = PBXFileReference; lastKnownFileType = file.storyboard; name = Base; path = Base.lproj/LaunchScreen.storyboard; sourceTree = "<group>"; };
		B32A5AF824E4936E00CB24E9 /* Info.plist */ = {isa = PBXFileReference; lastKnownFileType = text.plist.xml; path = Info.plist; sourceTree = "<group>"; };
		B32A5AFD24E4936E00CB24E9 /* RxSwiftProjectTests.xctest */ = {isa = PBXFileReference; explicitFileType = wrapper.cfbundle; includeInIndex = 0; path = RxSwiftProjectTests.xctest; sourceTree = BUILT_PRODUCTS_DIR; };
		B32A5B0124E4936E00CB24E9 /* RxSwiftProjectTests.swift */ = {isa = PBXFileReference; lastKnownFileType = sourcecode.swift; path = RxSwiftProjectTests.swift; sourceTree = "<group>"; };
		B32A5B0324E4936E00CB24E9 /* Info.plist */ = {isa = PBXFileReference; lastKnownFileType = text.plist.xml; path = Info.plist; sourceTree = "<group>"; };
		B40D8883F5F6BCAF71BE1C95 /* Pods-RxSwiftProjectTests.release.xcconfig */ = {isa = PBXFileReference; includeInIndex = 1; lastKnownFileType = text.xcconfig; name = "Pods-RxSwiftProjectTests.release.xcconfig"; path = "Target Support Files/Pods-RxSwiftProjectTests/Pods-RxSwiftProjectTests.release.xcconfig"; sourceTree = "<group>"; };
		F196706E7DD900134C387253 /* Pods_RxSwiftProjectTests.framework */ = {isa = PBXFileReference; explicitFileType = wrapper.framework; includeInIndex = 0; path = Pods_RxSwiftProjectTests.framework; sourceTree = BUILT_PRODUCTS_DIR; };
/* End PBXFileReference section */

/* Begin PBXFrameworksBuildPhase section */
		B32A5AE424E4936100CB24E9 /* Frameworks */ = {
			isa = PBXFrameworksBuildPhase;
			buildActionMask = 2147483647;
			files = (
				439324CAC295F775BEE165E1 /* Pods_RxSwiftProject.framework in Frameworks */,
			);
			runOnlyForDeploymentPostprocessing = 0;
		};
		B32A5AFA24E4936E00CB24E9 /* Frameworks */ = {
			isa = PBXFrameworksBuildPhase;
			buildActionMask = 2147483647;
			files = (
				4F03B9E1FA609F1E50DB85F1 /* Pods_RxSwiftProjectTests.framework in Frameworks */,
			);
			runOnlyForDeploymentPostprocessing = 0;
		};
/* End PBXFrameworksBuildPhase section */

/* Begin PBXGroup section */
		0FC1378C1202C74DCA8C5638 /* Frameworks */ = {
			isa = PBXGroup;
			children = (
				1D9ED15193B14DF28B89554E /* Pods_RxSwiftProject.framework */,
				F196706E7DD900134C387253 /* Pods_RxSwiftProjectTests.framework */,
			);
			name = Frameworks;
			sourceTree = "<group>";
		};
		B32A5ADE24E4936100CB24E9 = {
			isa = PBXGroup;
			children = (
				B32A5AE924E4936100CB24E9 /* RxSwiftProject */,
				B32A5B0024E4936E00CB24E9 /* RxSwiftProjectTests */,
				B32A5AE824E4936100CB24E9 /* Products */,
				E046D4DE4BB1FF7EBC80EA44 /* Pods */,
				0FC1378C1202C74DCA8C5638 /* Frameworks */,
			);
			sourceTree = "<group>";
		};
		B32A5AE824E4936100CB24E9 /* Products */ = {
			isa = PBXGroup;
			children = (
				B32A5AE724E4936100CB24E9 /* RxSwiftProject.app */,
				B32A5AFD24E4936E00CB24E9 /* RxSwiftProjectTests.xctest */,
			);
			name = Products;
			sourceTree = "<group>";
		};
		B32A5AE924E4936100CB24E9 /* RxSwiftProject */ = {
			isa = PBXGroup;
			children = (
				B32A5AEA24E4936100CB24E9 /* AppDelegate.swift */,
				B32A5AEC24E4936100CB24E9 /* SceneDelegate.swift */,
				B32A5AEE24E4936100CB24E9 /* ViewController.swift */,
				B32A5AF024E4936100CB24E9 /* Main.storyboard */,
				B32A5AF324E4936D00CB24E9 /* Assets.xcassets */,
				B32A5AF524E4936E00CB24E9 /* LaunchScreen.storyboard */,
				B32A5AF824E4936E00CB24E9 /* Info.plist */,
			);
			path = RxSwiftProject;
			sourceTree = "<group>";
		};
		B32A5B0024E4936E00CB24E9 /* RxSwiftProjectTests */ = {
			isa = PBXGroup;
			children = (
				B32A5B0124E4936E00CB24E9 /* RxSwiftProjectTests.swift */,
				B32A5B0324E4936E00CB24E9 /* Info.plist */,
			);
			path = RxSwiftProjectTests;
			sourceTree = "<group>";
		};
		E046D4DE4BB1FF7EBC80EA44 /* Pods */ = {
			isa = PBXGroup;
			children = (
				4DBBE138DD10F26BC88E4930 /* Pods-RxSwiftProject.debug.xcconfig */,
				9E07433996C2BE043C0628AF /* Pods-RxSwiftProject.release.xcconfig */,
				B31338C3FE226F9DC2D7B72C /* Pods-RxSwiftProjectTests.debug.xcconfig */,
				B40D8883F5F6BCAF71BE1C95 /* Pods-RxSwiftProjectTests.release.xcconfig */,
			);
			name = Pods;
			path = Pods;
			sourceTree = "<group>";
		};
/* End PBXGroup section */

/* Begin PBXNativeTarget section */
		B32A5AE624E4936100CB24E9 /* RxSwiftProject */ = {
			isa = PBXNativeTarget;
			buildConfigurationList = B32A5B0624E4936E00CB24E9 /* Build configuration list for PBXNativeTarget "RxSwiftProject" */;
			buildPhases = (
				94DC0F3E478F42A4B1965D72 /* [CP] Check Pods Manifest.lock */,
				B32A5AE324E4936100CB24E9 /* Sources */,
				B32A5AE424E4936100CB24E9 /* Frameworks */,
				B32A5AE524E4936100CB24E9 /* Resources */,
				2EF4F45A71774322575F4E21 /* [CP] Embed Pods Frameworks */,
			);
			buildRules = (
			);
			dependencies = (
			);
			name = RxSwiftProject;
			productName = RxSwiftProject;
			productReference = B32A5AE724E4936100CB24E9 /* RxSwiftProject.app */;
			productType = "com.apple.product-type.application";
		};
		B32A5AFC24E4936E00CB24E9 /* RxSwiftProjectTests */ = {
			isa = PBXNativeTarget;
			buildConfigurationList = B32A5B0924E4936E00CB24E9 /* Build configuration list for PBXNativeTarget "RxSwiftProjectTests" */;
			buildPhases = (
				767FEA61AB869B476D7B8EAC /* [CP] Check Pods Manifest.lock */,
				B32A5AF924E4936E00CB24E9 /* Sources */,
				B32A5AFA24E4936E00CB24E9 /* Frameworks */,
				B32A5AFB24E4936E00CB24E9 /* Resources */,
			);
			buildRules = (
			);
			dependencies = (
				B32A5AFF24E4936E00CB24E9 /* PBXTargetDependency */,
			);
			name = RxSwiftProjectTests;
			productName = RxSwiftProjectTests;
			productReference = B32A5AFD24E4936E00CB24E9 /* RxSwiftProjectTests.xctest */;
			productType = "com.apple.product-type.bundle.unit-test";
		};
/* End PBXNativeTarget section */

/* Begin PBXProject section */
		B32A5ADF24E4936100CB24E9 /* Project object */ = {
			isa = PBXProject;
			attributes = {
				LastSwiftUpdateCheck = 1150;
				LastUpgradeCheck = 1150;
				ORGANIZATIONNAME = "Oluwafemi Adenaike";
				TargetAttributes = {
					B32A5AE624E4936100CB24E9 = {
						CreatedOnToolsVersion = 11.5;
					};
					B32A5AFC24E4936E00CB24E9 = {
						CreatedOnToolsVersion = 11.5;
						TestTargetID = B32A5AE624E4936100CB24E9;
					};
				};
			};
			buildConfigurationList = B32A5AE224E4936100CB24E9 /* Build configuration list for PBXProject "RxSwiftProject" */;
			compatibilityVersion = "Xcode 9.3";
			developmentRegion = en;
			hasScannedForEncodings = 0;
			knownRegions = (
				en,
				Base,
			);
			mainGroup = B32A5ADE24E4936100CB24E9;
			productRefGroup = B32A5AE824E4936100CB24E9 /* Products */;
			projectDirPath = "";
			projectRoot = "";
			targets = (
				B32A5AE624E4936100CB24E9 /* RxSwiftProject */,
				B32A5AFC24E4936E00CB24E9 /* RxSwiftProjectTests */,
			);
		};
/* End PBXProject section */

/* Begin PBXResourcesBuildPhase section */
		B32A5AE524E4936100CB24E9 /* Resources */ = {
			isa = PBXResourcesBuildPhase;
			buildActionMask = 2147483647;
			files = (
				B32A5AF724E4936E00CB24E9 /* LaunchScreen.storyboard in Resources */,
				B32A5AF424E4936D00CB24E9 /* Assets.xcassets in Resources */,
				B32A5AF224E4936100CB24E9 /* Main.storyboard in Resources */,
			);
			runOnlyForDeploymentPostprocessing = 0;
		};
		B32A5AFB24E4936E00CB24E9 /* Resources */ = {
			isa = PBXResourcesBuildPhase;
			buildActionMask = 2147483647;
			files = (
			);
			runOnlyForDeploymentPostprocessing = 0;
		};
/* End PBXResourcesBuildPhase section */

/* Begin PBXShellScriptBuildPhase section */
		2EF4F45A71774322575F4E21 /* [CP] Embed Pods Frameworks */ = {
			isa = PBXShellScriptBuildPhase;
			buildActionMask = 2147483647;
			files = (
			);
			inputFileListPaths = (
				"${PODS_ROOT}/Target Support Files/Pods-RxSwiftProject/Pods-RxSwiftProject-frameworks-${CONFIGURATION}-input-files.xcfilelist",
			);
			name = "[CP] Embed Pods Frameworks";
			outputFileListPaths = (
				"${PODS_ROOT}/Target Support Files/Pods-RxSwiftProject/Pods-RxSwiftProject-frameworks-${CONFIGURATION}-output-files.xcfilelist",
			);
			runOnlyForDeploymentPostprocessing = 0;
			shellPath = /bin/sh;
			shellScript = "\"${PODS_ROOT}/Target Support Files/Pods-RxSwiftProject/Pods-RxSwiftProject-frameworks.sh\"\n";
			showEnvVarsInLog = 0;
		};
		767FEA61AB869B476D7B8EAC /* [CP] Check Pods Manifest.lock */ = {
			isa = PBXShellScriptBuildPhase;
			buildActionMask = 2147483647;
			files = (
			);
			inputFileListPaths = (
			);
			inputPaths = (
				"${PODS_PODFILE_DIR_PATH}/Podfile.lock",
				"${PODS_ROOT}/Manifest.lock",
			);
			name = "[CP] Check Pods Manifest.lock";
			outputFileListPaths = (
			);
			outputPaths = (
				"$(DERIVED_FILE_DIR)/Pods-RxSwiftProjectTests-checkManifestLockResult.txt",
			);
			runOnlyForDeploymentPostprocessing = 0;
			shellPath = /bin/sh;
			shellScript = "diff \"${PODS_PODFILE_DIR_PATH}/Podfile.lock\" \"${PODS_ROOT}/Manifest.lock\" > /dev/null\nif [ $? != 0 ] ; then\n    # print error to STDERR\n    echo \"error: The sandbox is not in sync with the Podfile.lock. Run 'pod install' or update your CocoaPods installation.\" >&2\n    exit 1\nfi\n# This output is used by Xcode 'outputs' to avoid re-running this script phase.\necho \"SUCCESS\" > \"${SCRIPT_OUTPUT_FILE_0}\"\n";
			showEnvVarsInLog = 0;
		};
		94DC0F3E478F42A4B1965D72 /* [CP] Check Pods Manifest.lock */ = {
			isa = PBXShellScriptBuildPhase;
			buildActionMask = 2147483647;
			files = (
			);
			inputFileListPaths = (
			);
			inputPaths = (
				"${PODS_PODFILE_DIR_PATH}/Podfile.lock",
				"${PODS_ROOT}/Manifest.lock",
			);
			name = "[CP] Check Pods Manifest.lock";
			outputFileListPaths = (
			);
			outputPaths = (
				"$(DERIVED_FILE_DIR)/Pods-RxSwiftProject-checkManifestLockResult.txt",
			);
			runOnlyForDeploymentPostprocessing = 0;
			shellPath = /bin/sh;
			shellScript = "diff \"${PODS_PODFILE_DIR_PATH}/Podfile.lock\" \"${PODS_ROOT}/Manifest.lock\" > /dev/null\nif [ $? != 0 ] ; then\n    # print error to STDERR\n    echo \"error: The sandbox is not in sync with the Podfile.lock. Run 'pod install' or update your CocoaPods installation.\" >&2\n    exit 1\nfi\n# This output is used by Xcode 'outputs' to avoid re-running this script phase.\necho \"SUCCESS\" > \"${SCRIPT_OUTPUT_FILE_0}\"\n";
			showEnvVarsInLog = 0;
		};
/* End PBXShellScriptBuildPhase section */

/* Begin PBXSourcesBuildPhase section */
		B32A5AE324E4936100CB24E9 /* Sources */ = {
			isa = PBXSourcesBuildPhase;
			buildActionMask = 2147483647;
			files = (
				B32A5AEF24E4936100CB24E9 /* ViewController.swift in Sources */,
				B32A5AEB24E4936100CB24E9 /* AppDelegate.swift in Sources */,
				B32A5AED24E4936100CB24E9 /* SceneDelegate.swift in Sources */,
			);
			runOnlyForDeploymentPostprocessing = 0;
		};
		B32A5AF924E4936E00CB24E9 /* Sources */ = {
			isa = PBXSourcesBuildPhase;
			buildActionMask = 2147483647;
			files = (
				B32A5B0224E4936E00CB24E9 /* RxSwiftProjectTests.swift in Sources */,
			);
			runOnlyForDeploymentPostprocessing = 0;
		};
/* End PBXSourcesBuildPhase section */

/* Begin PBXTargetDependency section */
		B32A5AFF24E4936E00CB24E9 /* PBXTargetDependency */ = {
			isa = PBXTargetDependency;
			target = B32A5AE624E4936100CB24E9 /* RxSwiftProject */;
			targetProxy = B32A5AFE24E4936E00CB24E9 /* PBXContainerItemProxy */;
		};
/* End PBXTargetDependency section */

/* Begin PBXVariantGroup section */
		B32A5AF024E4936100CB24E9 /* Main.storyboard */ = {
			isa = PBXVariantGroup;
			children = (
				B32A5AF124E4936100CB24E9 /* Base */,
			);
			name = Main.storyboard;
			sourceTree = "<group>";
		};
		B32A5AF524E4936E00CB24E9 /* LaunchScreen.storyboard */ = {
			isa = PBXVariantGroup;
			children = (
				B32A5AF624E4936E00CB24E9 /* Base */,
			);
			name = LaunchScreen.storyboard;
			sourceTree = "<group>";
		};
/* End PBXVariantGroup section */

/* Begin XCBuildConfiguration section */
		B32A5B0424E4936E00CB24E9 /* Debug */ = {
			isa = XCBuildConfiguration;
			buildSettings = {
				ALWAYS_SEARCH_USER_PATHS = NO;
				CLANG_ANALYZER_NONNULL = YES;
				CLANG_ANALYZER_NUMBER_OBJECT_CONVERSION = YES_AGGRESSIVE;
				CLANG_CXX_LANGUAGE_STANDARD = "gnu++14";
				CLANG_CXX_LIBRARY = "libc++";
				CLANG_ENABLE_MODULES = YES;
				CLANG_ENABLE_OBJC_ARC = YES;
				CLANG_ENABLE_OBJC_WEAK = YES;
				CLANG_WARN_BLOCK_CAPTURE_AUTORELEASING = YES;
				CLANG_WARN_BOOL_CONVERSION = YES;
				CLANG_WARN_COMMA = YES;
				CLANG_WARN_CONSTANT_CONVERSION = YES;
				CLANG_WARN_DEPRECATED_OBJC_IMPLEMENTATIONS = YES;
				CLANG_WARN_DIRECT_OBJC_ISA_USAGE = YES_ERROR;
				CLANG_WARN_DOCUMENTATION_COMMENTS = YES;
				CLANG_WARN_EMPTY_BODY = YES;
				CLANG_WARN_ENUM_CONVERSION = YES;
				CLANG_WARN_INFINITE_RECURSION = YES;
				CLANG_WARN_INT_CONVERSION = YES;
				CLANG_WARN_NON_LITERAL_NULL_CONVERSION = YES;
				CLANG_WARN_OBJC_IMPLICIT_RETAIN_SELF = YES;
				CLANG_WARN_OBJC_LITERAL_CONVERSION = YES;
				CLANG_WARN_OBJC_ROOT_CLASS = YES_ERROR;
				CLANG_WARN_RANGE_LOOP_ANALYSIS = YES;
				CLANG_WARN_STRICT_PROTOTYPES = YES;
				CLANG_WARN_SUSPICIOUS_MOVE = YES;
				CLANG_WARN_UNGUARDED_AVAILABILITY = YES_AGGRESSIVE;
				CLANG_WARN_UNREACHABLE_CODE = YES;
				CLANG_WARN__DUPLICATE_METHOD_MATCH = YES;
				COPY_PHASE_STRIP = NO;
				DEBUG_INFORMATION_FORMAT = dwarf;
				ENABLE_STRICT_OBJC_MSGSEND = YES;
				ENABLE_TESTABILITY = YES;
				GCC_C_LANGUAGE_STANDARD = gnu11;
				GCC_DYNAMIC_NO_PIC = NO;
				GCC_NO_COMMON_BLOCKS = YES;
				GCC_OPTIMIZATION_LEVEL = 0;
				GCC_PREPROCESSOR_DEFINITIONS = (
					"DEBUG=1",
					"$(inherited)",
				);
				GCC_WARN_64_TO_32_BIT_CONVERSION = YES;
				GCC_WARN_ABOUT_RETURN_TYPE = YES_ERROR;
				GCC_WARN_UNDECLARED_SELECTOR = YES;
				GCC_WARN_UNINITIALIZED_AUTOS = YES_AGGRESSIVE;
				GCC_WARN_UNUSED_FUNCTION = YES;
				GCC_WARN_UNUSED_VARIABLE = YES;
				IPHONEOS_DEPLOYMENT_TARGET = 13.5;
				MTL_ENABLE_DEBUG_INFO = INCLUDE_SOURCE;
				MTL_FAST_MATH = YES;
				ONLY_ACTIVE_ARCH = YES;
				SDKROOT = iphoneos;
				SWIFT_ACTIVE_COMPILATION_CONDITIONS = DEBUG;
				SWIFT_OPTIMIZATION_LEVEL = "-Onone";
			};
			name = Debug;
		};
		B32A5B0524E4936E00CB24E9 /* Release */ = {
			isa = XCBuildConfiguration;
			buildSettings = {
				ALWAYS_SEARCH_USER_PATHS = NO;
				CLANG_ANALYZER_NONNULL = YES;
				CLANG_ANALYZER_NUMBER_OBJECT_CONVERSION = YES_AGGRESSIVE;
				CLANG_CXX_LANGUAGE_STANDARD = "gnu++14";
				CLANG_CXX_LIBRARY = "libc++";
				CLANG_ENABLE_MODULES = YES;
				CLANG_ENABLE_OBJC_ARC = YES;
				CLANG_ENABLE_OBJC_WEAK = YES;
				CLANG_WARN_BLOCK_CAPTURE_AUTORELEASING = YES;
				CLANG_WARN_BOOL_CONVERSION = YES;
				CLANG_WARN_COMMA = YES;
				CLANG_WARN_CONSTANT_CONVERSION = YES;
				CLANG_WARN_DEPRECATED_OBJC_IMPLEMENTATIONS = YES;
				CLANG_WARN_DIRECT_OBJC_ISA_USAGE = YES_ERROR;
				CLANG_WARN_DOCUMENTATION_COMMENTS = YES;
				CLANG_WARN_EMPTY_BODY = YES;
				CLANG_WARN_ENUM_CONVERSION = YES;
				CLANG_WARN_INFINITE_RECURSION = YES;
				CLANG_WARN_INT_CONVERSION = YES;
				CLANG_WARN_NON_LITERAL_NULL_CONVERSION = YES;
				CLANG_WARN_OBJC_IMPLICIT_RETAIN_SELF = YES;
				CLANG_WARN_OBJC_LITERAL_CONVERSION = YES;
				CLANG_WARN_OBJC_ROOT_CLASS = YES_ERROR;
				CLANG_WARN_RANGE_LOOP_ANALYSIS = YES;
				CLANG_WARN_STRICT_PROTOTYPES = YES;
				CLANG_WARN_SUSPICIOUS_MOVE = YES;
				CLANG_WARN_UNGUARDED_AVAILABILITY = YES_AGGRESSIVE;
				CLANG_WARN_UNREACHABLE_CODE = YES;
				CLANG_WARN__DUPLICATE_METHOD_MATCH = YES;
				COPY_PHASE_STRIP = NO;
				DEBUG_INFORMATION_FORMAT = "dwarf-with-dsym";
				ENABLE_NS_ASSERTIONS = NO;
				ENABLE_STRICT_OBJC_MSGSEND = YES;
				GCC_C_LANGUAGE_STANDARD = gnu11;
				GCC_NO_COMMON_BLOCKS = YES;
				GCC_WARN_64_TO_32_BIT_CONVERSION = YES;
				GCC_WARN_ABOUT_RETURN_TYPE = YES_ERROR;
				GCC_WARN_UNDECLARED_SELECTOR = YES;
				GCC_WARN_UNINITIALIZED_AUTOS = YES_AGGRESSIVE;
				GCC_WARN_UNUSED_FUNCTION = YES;
				GCC_WARN_UNUSED_VARIABLE = YES;
				IPHONEOS_DEPLOYMENT_TARGET = 13.5;
				MTL_ENABLE_DEBUG_INFO = NO;
				MTL_FAST_MATH = YES;
				SDKROOT = iphoneos;
				SWIFT_COMPILATION_MODE = wholemodule;
				SWIFT_OPTIMIZATION_LEVEL = "-O";
				VALIDATE_PRODUCT = YES;
			};
			name = Release;
		};
		B32A5B0724E4936E00CB24E9 /* Debug */ = {
			isa = XCBuildConfiguration;
			baseConfigurationReference = 4DBBE138DD10F26BC88E4930 /* Pods-RxSwiftProject.debug.xcconfig */;
			buildSettings = {
				ASSETCATALOG_COMPILER_APPICON_NAME = AppIcon;
				CODE_SIGN_STYLE = Automatic;
				INFOPLIST_FILE = RxSwiftProject/Info.plist;
				LD_RUNPATH_SEARCH_PATHS = (
					"$(inherited)",
					"@executable_path/Frameworks",
				);
				PRODUCT_BUNDLE_IDENTIFIER = "Oluwafemi-Adenaike.RxSwiftProject";
				PRODUCT_NAME = "$(TARGET_NAME)";
				SWIFT_VERSION = 5.0;
				TARGETED_DEVICE_FAMILY = "1,2";
			};
			name = Debug;
		};
		B32A5B0824E4936E00CB24E9 /* Release */ = {
			isa = XCBuildConfiguration;
			baseConfigurationReference = 9E07433996C2BE043C0628AF /* Pods-RxSwiftProject.release.xcconfig */;
			buildSettings = {
				ASSETCATALOG_COMPILER_APPICON_NAME = AppIcon;
				CODE_SIGN_STYLE = Automatic;
				INFOPLIST_FILE = RxSwiftProject/Info.plist;
				LD_RUNPATH_SEARCH_PATHS = (
					"$(inherited)",
					"@executable_path/Frameworks",
				);
				PRODUCT_BUNDLE_IDENTIFIER = "Oluwafemi-Adenaike.RxSwiftProject";
				PRODUCT_NAME = "$(TARGET_NAME)";
				SWIFT_VERSION = 5.0;
				TARGETED_DEVICE_FAMILY = "1,2";
			};
			name = Release;
		};
		B32A5B0A24E4936E00CB24E9 /* Debug */ = {
			isa = XCBuildConfiguration;
			baseConfigurationReference = B31338C3FE226F9DC2D7B72C /* Pods-RxSwiftProjectTests.debug.xcconfig */;
			buildSettings = {
				ALWAYS_EMBED_SWIFT_STANDARD_LIBRARIES = YES;
				BUNDLE_LOADER = "$(TEST_HOST)";
				CODE_SIGN_STYLE = Automatic;
				INFOPLIST_FILE = RxSwiftProjectTests/Info.plist;
				IPHONEOS_DEPLOYMENT_TARGET = 13.5;
				LD_RUNPATH_SEARCH_PATHS = (
					"$(inherited)",
					"@executable_path/Frameworks",
					"@loader_path/Frameworks",
				);
				PRODUCT_BUNDLE_IDENTIFIER = "Oluwafemi-Adenaike.RxSwiftProjectTests";
				PRODUCT_NAME = "$(TARGET_NAME)";
				SWIFT_VERSION = 5.0;
				TARGETED_DEVICE_FAMILY = "1,2";
				TEST_HOST = "$(BUILT_PRODUCTS_DIR)/RxSwiftProject.app/RxSwiftProject";
			};
			name = Debug;
		};
		B32A5B0B24E4936E00CB24E9 /* Release */ = {
			isa = XCBuildConfiguration;
			baseConfigurationReference = B40D8883F5F6BCAF71BE1C95 /* Pods-RxSwiftProjectTests.release.xcconfig */;
			buildSettings = {
				ALWAYS_EMBED_SWIFT_STANDARD_LIBRARIES = YES;
				BUNDLE_LOADER = "$(TEST_HOST)";
				CODE_SIGN_STYLE = Automatic;
				INFOPLIST_FILE = RxSwiftProjectTests/Info.plist;
				IPHONEOS_DEPLOYMENT_TARGET = 13.5;
				LD_RUNPATH_SEARCH_PATHS = (
					"$(inherited)",
					"@executable_path/Frameworks",
					"@loader_path/Frameworks",
				);
				PRODUCT_BUNDLE_IDENTIFIER = "Oluwafemi-Adenaike.RxSwiftProjectTests";
				PRODUCT_NAME = "$(TARGET_NAME)";
				SWIFT_VERSION = 5.0;
				TARGETED_DEVICE_FAMILY = "1,2";
				TEST_HOST = "$(BUILT_PRODUCTS_DIR)/RxSwiftProject.app/RxSwiftProject";
			};
			name = Release;
		};
/* End XCBuildConfiguration section */

/* Begin XCConfigurationList section */
		B32A5AE224E4936100CB24E9 /* Build configuration list for PBXProject "RxSwiftProject" */ = {
			isa = XCConfigurationList;
			buildConfigurations = (
				B32A5B0424E4936E00CB24E9 /* Debug */,
				B32A5B0524E4936E00CB24E9 /* Release */,
			);
			defaultConfigurationIsVisible = 0;
			defaultConfigurationName = Release;
		};
		B32A5B0624E4936E00CB24E9 /* Build configuration list for PBXNativeTarget "RxSwiftProject" */ = {
			isa = XCConfigurationList;
			buildConfigurations = (
				B32A5B0724E4936E00CB24E9 /* Debug */,
				B32A5B0824E4936E00CB24E9 /* Release */,
			);
			defaultConfigurationIsVisible = 0;
			defaultConfigurationName = Release;
		};
		B32A5B0924E4936E00CB24E9 /* Build configuration list for PBXNativeTarget "RxSwiftProjectTests" */ = {
			isa = XCConfigurationList;
			buildConfigurations = (
				B32A5B0A24E4936E00CB24E9 /* Debug */,
				B32A5B0B24E4936E00CB24E9 /* Release */,
			);
			defaultConfigurationIsVisible = 0;
			defaultConfigurationName = Release;
		};
/* End XCConfigurationList section */
	};
	rootObject = B32A5ADF24E4936100CB24E9 /* Project object */;
}
