// !$*UTF8*$!
{
	archiveVersion = 1;
	classes = {
	};
	objectVersion = 50;
	objects = {

/* Begin PBXBuildFile section */
		B3D514F824D4647600AEC096 /* AppDelegate.swift in Sources */ = {isa = PBXBuildFile; fileRef = B3D514F724D4647600AEC096 /* AppDelegate.swift */; };
		B3D514FA24D4647600AEC096 /* SceneDelegate.swift in Sources */ = {isa = PBXBuildFile; fileRef = B3D514F924D4647600AEC096 /* SceneDelegate.swift */; };
		B3D514FC24D4647600AEC096 /* ViewController.swift in Sources */ = {isa = PBXBuildFile; fileRef = B3D514FB24D4647600AEC096 /* ViewController.swift */; };
		B3D514FF24D4647600AEC096 /* Main.storyboard in Resources */ = {isa = PBXBuildFile; fileRef = B3D514FD24D4647600AEC096 /* Main.storyboard */; };
		B3D5150124D4647F00AEC096 /* Assets.xcassets in Resources */ = {isa = PBXBuildFile; fileRef = B3D5150024D4647F00AEC096 /* Assets.xcassets */; };
		B3D5150424D4647F00AEC096 /* LaunchScreen.storyboard in Resources */ = {isa = PBXBuildFile; fileRef = B3D5150224D4647F00AEC096 /* LaunchScreen.storyboard */; };
		B3D5150C24D471DC00AEC096 /* Constant.swift in Sources */ = {isa = PBXBuildFile; fileRef = B3D5150B24D471DC00AEC096 /* Constant.swift */; };
		B3D5150E24D4724500AEC096 /* LocationManager.swift in Sources */ = {isa = PBXBuildFile; fileRef = B3D5150D24D4724500AEC096 /* LocationManager.swift */; };
		C8A4E02C50406C9C6DD25ECD /* Pods_LocationApp.framework in Frameworks */ = {isa = PBXBuildFile; fileRef = CF8CE6938C9E6B426A9AC2A6 /* Pods_LocationApp.framework */; };
/* End PBXBuildFile section */

/* Begin PBXFileReference section */
		2BC67D9B345EDAAE7087F7F5 /* Pods-LocationApp.release.xcconfig */ = {isa = PBXFileReference; includeInIndex = 1; lastKnownFileType = text.xcconfig; name = "Pods-LocationApp.release.xcconfig"; path = "Target Support Files/Pods-LocationApp/Pods-LocationApp.release.xcconfig"; sourceTree = "<group>"; };
		B3D514F424D4647600AEC096 /* LocationApp.app */ = {isa = PBXFileReference; explicitFileType = wrapper.application; includeInIndex = 0; path = LocationApp.app; sourceTree = BUILT_PRODUCTS_DIR; };
		B3D514F724D4647600AEC096 /* AppDelegate.swift */ = {isa = PBXFileReference; lastKnownFileType = sourcecode.swift; path = AppDelegate.swift; sourceTree = "<group>"; };
		B3D514F924D4647600AEC096 /* SceneDelegate.swift */ = {isa = PBXFileReference; lastKnownFileType = sourcecode.swift; path = SceneDelegate.swift; sourceTree = "<group>"; };
		B3D514FB24D4647600AEC096 /* ViewController.swift */ = {isa = PBXFileReference; lastKnownFileType = sourcecode.swift; path = ViewController.swift; sourceTree = "<group>"; };
		B3D514FE24D4647600AEC096 /* Base */ = {isa = PBXFileReference; lastKnownFileType = file.storyboard; name = Base; path = Base.lproj/Main.storyboard; sourceTree = "<group>"; };
		B3D5150024D4647F00AEC096 /* Assets.xcassets */ = {isa = PBXFileReference; lastKnownFileType = folder.assetcatalog; path = Assets.xcassets; sourceTree = "<group>"; };
		B3D5150324D4647F00AEC096 /* Base */ = {isa = PBXFileReference; lastKnownFileType = file.storyboard; name = Base; path = Base.lproj/LaunchScreen.storyboard; sourceTree = "<group>"; };
		B3D5150524D4647F00AEC096 /* Info.plist */ = {isa = PBXFileReference; lastKnownFileType = text.plist.xml; path = Info.plist; sourceTree = "<group>"; };
		B3D5150B24D471DC00AEC096 /* Constant.swift */ = {isa = PBXFileReference; lastKnownFileType = sourcecode.swift; path = Constant.swift; sourceTree = "<group>"; };
		B3D5150D24D4724500AEC096 /* LocationManager.swift */ = {isa = PBXFileReference; lastKnownFileType = sourcecode.swift; path = LocationManager.swift; sourceTree = "<group>"; };
		CF8CE6938C9E6B426A9AC2A6 /* Pods_LocationApp.framework */ = {isa = PBXFileReference; explicitFileType = wrapper.framework; includeInIndex = 0; path = Pods_LocationApp.framework; sourceTree = BUILT_PRODUCTS_DIR; };
		F0DF588CB2C3240D1E62A165 /* Pods-LocationApp.debug.xcconfig */ = {isa = PBXFileReference; includeInIndex = 1; lastKnownFileType = text.xcconfig; name = "Pods-LocationApp.debug.xcconfig"; path = "Target Support Files/Pods-LocationApp/Pods-LocationApp.debug.xcconfig"; sourceTree = "<group>"; };
/* End PBXFileReference section */

/* Begin PBXFrameworksBuildPhase section */
		B3D514F124D4647600AEC096 /* Frameworks */ = {
			isa = PBXFrameworksBuildPhase;
			buildActionMask = 2147483647;
			files = (
				C8A4E02C50406C9C6DD25ECD /* Pods_LocationApp.framework in Frameworks */,
			);
			runOnlyForDeploymentPostprocessing = 0;
		};
/* End PBXFrameworksBuildPhase section */

/* Begin PBXGroup section */
		39C955BF441CF2118EB0AAB5 /* Frameworks */ = {
			isa = PBXGroup;
			children = (
				CF8CE6938C9E6B426A9AC2A6 /* Pods_LocationApp.framework */,
			);
			name = Frameworks;
			sourceTree = "<group>";
		};
		B3D514EB24D4647600AEC096 = {
			isa = PBXGroup;
			children = (
				B3D514F624D4647600AEC096 /* LocationApp */,
				B3D514F524D4647600AEC096 /* Products */,
				F410A2A7A7D2C57E14B78D2E /* Pods */,
				39C955BF441CF2118EB0AAB5 /* Frameworks */,
			);
			sourceTree = "<group>";
		};
		B3D514F524D4647600AEC096 /* Products */ = {
			isa = PBXGroup;
			children = (
				B3D514F424D4647600AEC096 /* LocationApp.app */,
			);
			name = Products;
			sourceTree = "<group>";
		};
		B3D514F624D4647600AEC096 /* LocationApp */ = {
			isa = PBXGroup;
			children = (
				B3D514F724D4647600AEC096 /* AppDelegate.swift */,
				B3D514F924D4647600AEC096 /* SceneDelegate.swift */,
				B3D514FB24D4647600AEC096 /* ViewController.swift */,
				B3D514FD24D4647600AEC096 /* Main.storyboard */,
				B3D5150024D4647F00AEC096 /* Assets.xcassets */,
				B3D5150224D4647F00AEC096 /* LaunchScreen.storyboard */,
				B3D5150524D4647F00AEC096 /* Info.plist */,
				B3D5150B24D471DC00AEC096 /* Constant.swift */,
				B3D5150D24D4724500AEC096 /* LocationManager.swift */,
			);
			path = LocationApp;
			sourceTree = "<group>";
		};
		F410A2A7A7D2C57E14B78D2E /* Pods */ = {
			isa = PBXGroup;
			children = (
				F0DF588CB2C3240D1E62A165 /* Pods-LocationApp.debug.xcconfig */,
				2BC67D9B345EDAAE7087F7F5 /* Pods-LocationApp.release.xcconfig */,
			);
			name = Pods;
			path = Pods;
			sourceTree = "<group>";
		};
/* End PBXGroup section */

/* Begin PBXNativeTarget section */
		B3D514F324D4647600AEC096 /* LocationApp */ = {
			isa = PBXNativeTarget;
			buildConfigurationList = B3D5150824D4647F00AEC096 /* Build configuration list for PBXNativeTarget "LocationApp" */;
			buildPhases = (
				5D4272C28CD650DAF2A7BF89 /* [CP] Check Pods Manifest.lock */,
				B3D514F024D4647600AEC096 /* Sources */,
				B3D514F124D4647600AEC096 /* Frameworks */,
				B3D514F224D4647600AEC096 /* Resources */,
				4DF9233FEF177BF3711D81A9 /* [CP] Copy Pods Resources */,
			);
			buildRules = (
			);
			dependencies = (
			);
			name = LocationApp;
			productName = LocationApp;
			productReference = B3D514F424D4647600AEC096 /* LocationApp.app */;
			productType = "com.apple.product-type.application";
		};
/* End PBXNativeTarget section */

/* Begin PBXProject section */
		B3D514EC24D4647600AEC096 /* Project object */ = {
			isa = PBXProject;
			attributes = {
				LastSwiftUpdateCheck = 1150;
				LastUpgradeCheck = 1150;
				ORGANIZATIONNAME = "Oluwafemi Adenaike";
				TargetAttributes = {
					B3D514F324D4647600AEC096 = {
						CreatedOnToolsVersion = 11.5;
					};
				};
			};
			buildConfigurationList = B3D514EF24D4647600AEC096 /* Build configuration list for PBXProject "LocationApp" */;
			compatibilityVersion = "Xcode 9.3";
			developmentRegion = en;
			hasScannedForEncodings = 0;
			knownRegions = (
				en,
				Base,
			);
			mainGroup = B3D514EB24D4647600AEC096;
			productRefGroup = B3D514F524D4647600AEC096 /* Products */;
			projectDirPath = "";
			projectRoot = "";
			targets = (
				B3D514F324D4647600AEC096 /* LocationApp */,
			);
		};
/* End PBXProject section */

/* Begin PBXResourcesBuildPhase section */
		B3D514F224D4647600AEC096 /* Resources */ = {
			isa = PBXResourcesBuildPhase;
			buildActionMask = 2147483647;
			files = (
				B3D5150424D4647F00AEC096 /* LaunchScreen.storyboard in Resources */,
				B3D5150124D4647F00AEC096 /* Assets.xcassets in Resources */,
				B3D514FF24D4647600AEC096 /* Main.storyboard in Resources */,
			);
			runOnlyForDeploymentPostprocessing = 0;
		};
/* End PBXResourcesBuildPhase section */

/* Begin PBXShellScriptBuildPhase section */
		4DF9233FEF177BF3711D81A9 /* [CP] Copy Pods Resources */ = {
			isa = PBXShellScriptBuildPhase;
			buildActionMask = 2147483647;
			files = (
			);
			inputFileListPaths = (
				"${PODS_ROOT}/Target Support Files/Pods-LocationApp/Pods-LocationApp-resources-${CONFIGURATION}-input-files.xcfilelist",
			);
			name = "[CP] Copy Pods Resources";
			outputFileListPaths = (
				"${PODS_ROOT}/Target Support Files/Pods-LocationApp/Pods-LocationApp-resources-${CONFIGURATION}-output-files.xcfilelist",
			);
			runOnlyForDeploymentPostprocessing = 0;
			shellPath = /bin/sh;
			shellScript = "\"${PODS_ROOT}/Target Support Files/Pods-LocationApp/Pods-LocationApp-resources.sh\"\n";
			showEnvVarsInLog = 0;
		};
		5D4272C28CD650DAF2A7BF89 /* [CP] Check Pods Manifest.lock */ = {
			isa = PBXShellScriptBuildPhase;
			buildActionMask = 2147483647;
			files = (
			);
			inputFileListPaths = (
			);
			inputPaths = (
				"${PODS_PODFILE_DIR_PATH}/Podfile.lock",
				"${PODS_ROOT}/Manifest.lock",
			);
			name = "[CP] Check Pods Manifest.lock";
			outputFileListPaths = (
			);
			outputPaths = (
				"$(DERIVED_FILE_DIR)/Pods-LocationApp-checkManifestLockResult.txt",
			);
			runOnlyForDeploymentPostprocessing = 0;
			shellPath = /bin/sh;
			shellScript = "diff \"${PODS_PODFILE_DIR_PATH}/Podfile.lock\" \"${PODS_ROOT}/Manifest.lock\" > /dev/null\nif [ $? != 0 ] ; then\n    # print error to STDERR\n    echo \"error: The sandbox is not in sync with the Podfile.lock. Run 'pod install' or update your CocoaPods installation.\" >&2\n    exit 1\nfi\n# This output is used by Xcode 'outputs' to avoid re-running this script phase.\necho \"SUCCESS\" > \"${SCRIPT_OUTPUT_FILE_0}\"\n";
			showEnvVarsInLog = 0;
		};
/* End PBXShellScriptBuildPhase section */

/* Begin PBXSourcesBuildPhase section */
		B3D514F024D4647600AEC096 /* Sources */ = {
			isa = PBXSourcesBuildPhase;
			buildActionMask = 2147483647;
			files = (
				B3D514FC24D4647600AEC096 /* ViewController.swift in Sources */,
				B3D514F824D4647600AEC096 /* AppDelegate.swift in Sources */,
				B3D5150E24D4724500AEC096 /* LocationManager.swift in Sources */,
				B3D514FA24D4647600AEC096 /* SceneDelegate.swift in Sources */,
				B3D5150C24D471DC00AEC096 /* Constant.swift in Sources */,
			);
			runOnlyForDeploymentPostprocessing = 0;
		};
/* End PBXSourcesBuildPhase section */

/* Begin PBXVariantGroup section */
		B3D514FD24D4647600AEC096 /* Main.storyboard */ = {
			isa = PBXVariantGroup;
			children = (
				B3D514FE24D4647600AEC096 /* Base */,
			);
			name = Main.storyboard;
			sourceTree = "<group>";
		};
		B3D5150224D4647F00AEC096 /* LaunchScreen.storyboard */ = {
			isa = PBXVariantGroup;
			children = (
				B3D5150324D4647F00AEC096 /* Base */,
			);
			name = LaunchScreen.storyboard;
			sourceTree = "<group>";
		};
/* End PBXVariantGroup section */

/* Begin XCBuildConfiguration section */
		B3D5150624D4647F00AEC096 /* Debug */ = {
			isa = XCBuildConfiguration;
			buildSettings = {
				ALWAYS_SEARCH_USER_PATHS = NO;
				CLANG_ANALYZER_NONNULL = YES;
				CLANG_ANALYZER_NUMBER_OBJECT_CONVERSION = YES_AGGRESSIVE;
				CLANG_CXX_LANGUAGE_STANDARD = "gnu++14";
				CLANG_CXX_LIBRARY = "libc++";
				CLANG_ENABLE_MODULES = YES;
				CLANG_ENABLE_OBJC_ARC = YES;
				CLANG_ENABLE_OBJC_WEAK = YES;
				CLANG_WARN_BLOCK_CAPTURE_AUTORELEASING = YES;
				CLANG_WARN_BOOL_CONVERSION = YES;
				CLANG_WARN_COMMA = YES;
				CLANG_WARN_CONSTANT_CONVERSION = YES;
				CLANG_WARN_DEPRECATED_OBJC_IMPLEMENTATIONS = YES;
				CLANG_WARN_DIRECT_OBJC_ISA_USAGE = YES_ERROR;
				CLANG_WARN_DOCUMENTATION_COMMENTS = YES;
				CLANG_WARN_EMPTY_BODY = YES;
				CLANG_WARN_ENUM_CONVERSION = YES;
				CLANG_WARN_INFINITE_RECURSION = YES;
				CLANG_WARN_INT_CONVERSION = YES;
				CLANG_WARN_NON_LITERAL_NULL_CONVERSION = YES;
				CLANG_WARN_OBJC_IMPLICIT_RETAIN_SELF = YES;
				CLANG_WARN_OBJC_LITERAL_CONVERSION = YES;
				CLANG_WARN_OBJC_ROOT_CLASS = YES_ERROR;
				CLANG_WARN_RANGE_LOOP_ANALYSIS = YES;
				CLANG_WARN_STRICT_PROTOTYPES = YES;
				CLANG_WARN_SUSPICIOUS_MOVE = YES;
				CLANG_WARN_UNGUARDED_AVAILABILITY = YES_AGGRESSIVE;
				CLANG_WARN_UNREACHABLE_CODE = YES;
				CLANG_WARN__DUPLICATE_METHOD_MATCH = YES;
				COPY_PHASE_STRIP = NO;
				DEBUG_INFORMATION_FORMAT = dwarf;
				ENABLE_STRICT_OBJC_MSGSEND = YES;
				ENABLE_TESTABILITY = YES;
				GCC_C_LANGUAGE_STANDARD = gnu11;
				GCC_DYNAMIC_NO_PIC = NO;
				GCC_NO_COMMON_BLOCKS = YES;
				GCC_OPTIMIZATION_LEVEL = 0;
				GCC_PREPROCESSOR_DEFINITIONS = (
					"DEBUG=1",
					"$(inherited)",
				);
				GCC_WARN_64_TO_32_BIT_CONVERSION = YES;
				GCC_WARN_ABOUT_RETURN_TYPE = YES_ERROR;
				GCC_WARN_UNDECLARED_SELECTOR = YES;
				GCC_WARN_UNINITIALIZED_AUTOS = YES_AGGRESSIVE;
				GCC_WARN_UNUSED_FUNCTION = YES;
				GCC_WARN_UNUSED_VARIABLE = YES;
				IPHONEOS_DEPLOYMENT_TARGET = 13.5;
				MTL_ENABLE_DEBUG_INFO = INCLUDE_SOURCE;
				MTL_FAST_MATH = YES;
				ONLY_ACTIVE_ARCH = YES;
				SDKROOT = iphoneos;
				SWIFT_ACTIVE_COMPILATION_CONDITIONS = DEBUG;
				SWIFT_OPTIMIZATION_LEVEL = "-Onone";
			};
			name = Debug;
		};
		B3D5150724D4647F00AEC096 /* Release */ = {
			isa = XCBuildConfiguration;
			buildSettings = {
				ALWAYS_SEARCH_USER_PATHS = NO;
				CLANG_ANALYZER_NONNULL = YES;
				CLANG_ANALYZER_NUMBER_OBJECT_CONVERSION = YES_AGGRESSIVE;
				CLANG_CXX_LANGUAGE_STANDARD = "gnu++14";
				CLANG_CXX_LIBRARY = "libc++";
				CLANG_ENABLE_MODULES = YES;
				CLANG_ENABLE_OBJC_ARC = YES;
				CLANG_ENABLE_OBJC_WEAK = YES;
				CLANG_WARN_BLOCK_CAPTURE_AUTORELEASING = YES;
				CLANG_WARN_BOOL_CONVERSION = YES;
				CLANG_WARN_COMMA = YES;
				CLANG_WARN_CONSTANT_CONVERSION = YES;
				CLANG_WARN_DEPRECATED_OBJC_IMPLEMENTATIONS = YES;
				CLANG_WARN_DIRECT_OBJC_ISA_USAGE = YES_ERROR;
				CLANG_WARN_DOCUMENTATION_COMMENTS = YES;
				CLANG_WARN_EMPTY_BODY = YES;
				CLANG_WARN_ENUM_CONVERSION = YES;
				CLANG_WARN_INFINITE_RECURSION = YES;
				CLANG_WARN_INT_CONVERSION = YES;
				CLANG_WARN_NON_LITERAL_NULL_CONVERSION = YES;
				CLANG_WARN_OBJC_IMPLICIT_RETAIN_SELF = YES;
				CLANG_WARN_OBJC_LITERAL_CONVERSION = YES;
				CLANG_WARN_OBJC_ROOT_CLASS = YES_ERROR;
				CLANG_WARN_RANGE_LOOP_ANALYSIS = YES;
				CLANG_WARN_STRICT_PROTOTYPES = YES;
				CLANG_WARN_SUSPICIOUS_MOVE = YES;
				CLANG_WARN_UNGUARDED_AVAILABILITY = YES_AGGRESSIVE;
				CLANG_WARN_UNREACHABLE_CODE = YES;
				CLANG_WARN__DUPLICATE_METHOD_MATCH = YES;
				COPY_PHASE_STRIP = NO;
				DEBUG_INFORMATION_FORMAT = "dwarf-with-dsym";
				ENABLE_NS_ASSERTIONS = NO;
				ENABLE_STRICT_OBJC_MSGSEND = YES;
				GCC_C_LANGUAGE_STANDARD = gnu11;
				GCC_NO_COMMON_BLOCKS = YES;
				GCC_WARN_64_TO_32_BIT_CONVERSION = YES;
				GCC_WARN_ABOUT_RETURN_TYPE = YES_ERROR;
				GCC_WARN_UNDECLARED_SELECTOR = YES;
				GCC_WARN_UNINITIALIZED_AUTOS = YES_AGGRESSIVE;
				GCC_WARN_UNUSED_FUNCTION = YES;
				GCC_WARN_UNUSED_VARIABLE = YES;
				IPHONEOS_DEPLOYMENT_TARGET = 13.5;
				MTL_ENABLE_DEBUG_INFO = NO;
				MTL_FAST_MATH = YES;
				SDKROOT = iphoneos;
				SWIFT_COMPILATION_MODE = wholemodule;
				SWIFT_OPTIMIZATION_LEVEL = "-O";
				VALIDATE_PRODUCT = YES;
			};
			name = Release;
		};
		B3D5150924D4647F00AEC096 /* Debug */ = {
			isa = XCBuildConfiguration;
			baseConfigurationReference = F0DF588CB2C3240D1E62A165 /* Pods-LocationApp.debug.xcconfig */;
			buildSettings = {
				ASSETCATALOG_COMPILER_APPICON_NAME = AppIcon;
				CODE_SIGN_STYLE = Automatic;
				INFOPLIST_FILE = LocationApp/Info.plist;
				LD_RUNPATH_SEARCH_PATHS = (
					"$(inherited)",
					"@executable_path/Frameworks",
				);
				PRODUCT_BUNDLE_IDENTIFIER = "Oluwafemi-Adenaike.LocationApp";
				PRODUCT_NAME = "$(TARGET_NAME)";
				SWIFT_VERSION = 5.0;
				TARGETED_DEVICE_FAMILY = "1,2";
			};
			name = Debug;
		};
		B3D5150A24D4647F00AEC096 /* Release */ = {
			isa = XCBuildConfiguration;
			baseConfigurationReference = 2BC67D9B345EDAAE7087F7F5 /* Pods-LocationApp.release.xcconfig */;
			buildSettings = {
				ASSETCATALOG_COMPILER_APPICON_NAME = AppIcon;
				CODE_SIGN_STYLE = Automatic;
				INFOPLIST_FILE = LocationApp/Info.plist;
				LD_RUNPATH_SEARCH_PATHS = (
					"$(inherited)",
					"@executable_path/Frameworks",
				);
				PRODUCT_BUNDLE_IDENTIFIER = "Oluwafemi-Adenaike.LocationApp";
				PRODUCT_NAME = "$(TARGET_NAME)";
				SWIFT_VERSION = 5.0;
				TARGETED_DEVICE_FAMILY = "1,2";
			};
			name = Release;
		};
/* End XCBuildConfiguration section */

/* Begin XCConfigurationList section */
		B3D514EF24D4647600AEC096 /* Build configuration list for PBXProject "LocationApp" */ = {
			isa = XCConfigurationList;
			buildConfigurations = (
				B3D5150624D4647F00AEC096 /* Debug */,
				B3D5150724D4647F00AEC096 /* Release */,
			);
			defaultConfigurationIsVisible = 0;
			defaultConfigurationName = Release;
		};
		B3D5150824D4647F00AEC096 /* Build configuration list for PBXNativeTarget "LocationApp" */ = {
			isa = XCConfigurationList;
			buildConfigurations = (
				B3D5150924D4647F00AEC096 /* Debug */,
				B3D5150A24D4647F00AEC096 /* Release */,
			);
			defaultConfigurationIsVisible = 0;
			defaultConfigurationName = Release;
		};
/* End XCConfigurationList section */
	};
	rootObject = B3D514EC24D4647600AEC096 /* Project object */;
}
